// !$*UTF8*$!
{
	archiveVersion = 1;
	classes = {
	};
	objectVersion = 48;
	objects = {

/* Begin PBXBuildFile section */
		745C83BC200364270003553A /* AppDelegate.m in Sources */ = {isa = PBXBuildFile; fileRef = 745C83BB200364270003553A /* AppDelegate.m */; };
		745C83BF200364280003553A /* ViewController.m in Sources */ = {isa = PBXBuildFile; fileRef = 745C83BE200364280003553A /* ViewController.m */; };
		745C83C1200364280003553A /* Assets.xcassets in Resources */ = {isa = PBXBuildFile; fileRef = 745C83C0200364280003553A /* Assets.xcassets */; };
		745C83C4200364280003553A /* Main.storyboard in Resources */ = {isa = PBXBuildFile; fileRef = 745C83C2200364280003553A /* Main.storyboard */; };
		745C83C7200364280003553A /* main.m in Sources */ = {isa = PBXBuildFile; fileRef = 745C83C6200364280003553A /* main.m */; };
		745C83D6200365AD0003553A /* vgscpu.c in Sources */ = {isa = PBXBuildFile; fileRef = 745C83D3200365AC0003553A /* vgscpu.c */; };
		745C83DB2003664E0003553A /* vgsspu_al.c in Sources */ = {isa = PBXBuildFile; fileRef = 745C83D92003664E0003553A /* vgsspu_al.c */; };
		745C83E5200366E50003553A /* vgs2tone.c in Sources */ = {isa = PBXBuildFile; fileRef = 745C83DD200366E50003553A /* vgs2tone.c */; };
		745C83E6200366E50003553A /* vgsdec.c in Sources */ = {isa = PBXBuildFile; fileRef = 745C83DF200366E50003553A /* vgsdec.c */; };
		745C83E7200366E50003553A /* vgsdec.def in Resources */ = {isa = PBXBuildFile; fileRef = 745C83E2200366E50003553A /* vgsdec.def */; };
		745C83E8200366E50003553A /* miniz.c in Sources */ = {isa = PBXBuildFile; fileRef = 745C83E3200366E50003553A /* miniz.c */; };
		745C83EC200521310003553A /* gamepad.c in Sources */ = {isa = PBXBuildFile; fileRef = 745C83EB200521310003553A /* gamepad.c */; };
/* End PBXBuildFile section */

/* Begin PBXFileReference section */
		745C83B7200364270003553A /* vgs-osx.app */ = {isa = PBXFileReference; explicitFileType = wrapper.application; includeInIndex = 0; path = "vgs-osx.app"; sourceTree = BUILT_PRODUCTS_DIR; };
		745C83BA200364270003553A /* AppDelegate.h */ = {isa = PBXFileReference; lastKnownFileType = sourcecode.c.h; path = AppDelegate.h; sourceTree = "<group>"; };
		745C83BB200364270003553A /* AppDelegate.m */ = {isa = PBXFileReference; lastKnownFileType = sourcecode.c.objc; path = AppDelegate.m; sourceTree = "<group>"; };
		745C83BD200364280003553A /* ViewController.h */ = {isa = PBXFileReference; lastKnownFileType = sourcecode.c.h; path = ViewController.h; sourceTree = "<group>"; };
		745C83BE200364280003553A /* ViewController.m */ = {isa = PBXFileReference; lastKnownFileType = sourcecode.c.objc; path = ViewController.m; sourceTree = "<group>"; };
		745C83C0200364280003553A /* Assets.xcassets */ = {isa = PBXFileReference; lastKnownFileType = folder.assetcatalog; path = Assets.xcassets; sourceTree = "<group>"; };
		745C83C3200364280003553A /* Base */ = {isa = PBXFileReference; lastKnownFileType = file.storyboard; name = Base; path = Base.lproj/Main.storyboard; sourceTree = "<group>"; };
		745C83C5200364280003553A /* Info.plist */ = {isa = PBXFileReference; lastKnownFileType = text.plist.xml; path = Info.plist; sourceTree = "<group>"; };
		745C83C6200364280003553A /* main.m */ = {isa = PBXFileReference; lastKnownFileType = sourcecode.c.objc; path = main.m; sourceTree = "<group>"; };
		745C83C8200364280003553A /* vgs_osx.entitlements */ = {isa = PBXFileReference; lastKnownFileType = text.plist.entitlements; path = vgs_osx.entitlements; sourceTree = "<group>"; };
		745C83CF200365AC0003553A /* vgscpu.h */ = {isa = PBXFileReference; fileEncoding = 4; lastKnownFileType = sourcecode.c.h; name = vgscpu.h; path = "vgs-cpu/src/cpu/vgscpu.h"; sourceTree = SOURCE_ROOT; };
		745C83D0200365AC0003553A /* vgscpu_op_acu_c.h */ = {isa = PBXFileReference; fileEncoding = 4; lastKnownFileType = sourcecode.c.h; name = vgscpu_op_acu_c.h; path = "vgs-cpu/src/cpu/vgscpu_op_acu_c.h"; sourceTree = SOURCE_ROOT; };
		745C83D1200365AC0003553A /* vgscpu_op_acu_d.h */ = {isa = PBXFileReference; fileEncoding = 4; lastKnownFileType = sourcecode.c.h; name = vgscpu_op_acu_d.h; path = "vgs-cpu/src/cpu/vgscpu_op_acu_d.h"; sourceTree = SOURCE_ROOT; };
		745C83D2200365AC0003553A /* vgscpu_op_acu_b.h */ = {isa = PBXFileReference; fileEncoding = 4; lastKnownFileType = sourcecode.c.h; name = vgscpu_op_acu_b.h; path = "vgs-cpu/src/cpu/vgscpu_op_acu_b.h"; sourceTree = SOURCE_ROOT; };
		745C83D3200365AC0003553A /* vgscpu.c */ = {isa = PBXFileReference; fileEncoding = 4; lastKnownFileType = sourcecode.c.c; name = vgscpu.c; path = "vgs-cpu/src/cpu/vgscpu.c"; sourceTree = SOURCE_ROOT; };
		745C83D4200365AC0003553A /* vgscpu_op.h */ = {isa = PBXFileReference; fileEncoding = 4; lastKnownFileType = sourcecode.c.h; name = vgscpu_op.h; path = "vgs-cpu/src/cpu/vgscpu_op.h"; sourceTree = SOURCE_ROOT; };
		745C83D5200365AD0003553A /* vgscpu_internal.h */ = {isa = PBXFileReference; fileEncoding = 4; lastKnownFileType = sourcecode.c.h; name = vgscpu_internal.h; path = "vgs-cpu/src/cpu/vgscpu_internal.h"; sourceTree = SOURCE_ROOT; };
		745C83D92003664E0003553A /* vgsspu_al.c */ = {isa = PBXFileReference; fileEncoding = 4; lastKnownFileType = sourcecode.c.c; name = vgsspu_al.c; path = "vgs-spu/src/vgsspu_al.c"; sourceTree = SOURCE_ROOT; };
		745C83DA2003664E0003553A /* vgsspu.h */ = {isa = PBXFileReference; fileEncoding = 4; lastKnownFileType = sourcecode.c.h; name = vgsspu.h; path = "vgs-spu/src/vgsspu.h"; sourceTree = SOURCE_ROOT; };
		745C83DD200366E50003553A /* vgs2tone.c */ = {isa = PBXFileReference; fileEncoding = 4; lastKnownFileType = sourcecode.c.c; name = vgs2tone.c; path = "vgs-bgm-decoder/src/vgs2tone.c"; sourceTree = SOURCE_ROOT; };
		745C83DE200366E50003553A /* vgsdec.h */ = {isa = PBXFileReference; fileEncoding = 4; lastKnownFileType = sourcecode.c.h; name = vgsdec.h; path = "vgs-bgm-decoder/src/vgsdec.h"; sourceTree = SOURCE_ROOT; };
		745C83DF200366E50003553A /* vgsdec.c */ = {isa = PBXFileReference; fileEncoding = 4; lastKnownFileType = sourcecode.c.c; name = vgsdec.c; path = "vgs-bgm-decoder/src/vgsdec.c"; sourceTree = SOURCE_ROOT; };
		745C83E0200366E50003553A /* vgsdec_internal.h */ = {isa = PBXFileReference; fileEncoding = 4; lastKnownFileType = sourcecode.c.h; name = vgsdec_internal.h; path = "vgs-bgm-decoder/src/vgsdec_internal.h"; sourceTree = SOURCE_ROOT; };
		745C83E1200366E50003553A /* vgstone.h */ = {isa = PBXFileReference; fileEncoding = 4; lastKnownFileType = sourcecode.c.h; name = vgstone.h; path = "vgs-bgm-decoder/src/vgstone.h"; sourceTree = SOURCE_ROOT; };
		745C83E2200366E50003553A /* vgsdec.def */ = {isa = PBXFileReference; fileEncoding = 4; lastKnownFileType = text; name = vgsdec.def; path = "vgs-bgm-decoder/src/vgsdec.def"; sourceTree = SOURCE_ROOT; };
		745C83E3200366E50003553A /* miniz.c */ = {isa = PBXFileReference; fileEncoding = 4; lastKnownFileType = sourcecode.c.c; name = miniz.c; path = "vgs-bgm-decoder/src/miniz.c"; sourceTree = SOURCE_ROOT; };
		745C83E4200366E50003553A /* miniz.h */ = {isa = PBXFileReference; fileEncoding = 4; lastKnownFileType = sourcecode.c.h; name = miniz.h; path = "vgs-bgm-decoder/src/miniz.h"; sourceTree = SOURCE_ROOT; };
		745C83EA200521310003553A /* gamepad.h */ = {isa = PBXFileReference; fileEncoding = 4; lastKnownFileType = sourcecode.c.h; name = gamepad.h; path = "gamepad-osx/gamepad.h"; sourceTree = SOURCE_ROOT; };
		745C83EB200521310003553A /* gamepad.c */ = {isa = PBXFileReference; fileEncoding = 4; lastKnownFileType = sourcecode.c.c; name = gamepad.c; path = "gamepad-osx/gamepad.c"; sourceTree = SOURCE_ROOT; };
/* End PBXFileReference section */

/* Begin PBXFrameworksBuildPhase section */
		745C83B4200364270003553A /* Frameworks */ = {
			isa = PBXFrameworksBuildPhase;
			buildActionMask = 2147483647;
			files = (
			);
			runOnlyForDeploymentPostprocessing = 0;
		};
/* End PBXFrameworksBuildPhase section */

/* Begin PBXGroup section */
		745C83AE200364270003553A = {
			isa = PBXGroup;
			children = (
				745C83B9200364270003553A /* vgs-osx */,
				745C83B8200364270003553A /* Products */,
			);
			sourceTree = "<group>";
		};
		745C83B8200364270003553A /* Products */ = {
			isa = PBXGroup;
			children = (
				745C83B7200364270003553A /* vgs-osx.app */,
			);
			name = Products;
			sourceTree = "<group>";
		};
		745C83B9200364270003553A /* vgs-osx */ = {
			isa = PBXGroup;
			children = (
				745C83E92005211C0003553A /* pad */,
				745C83DC200366C00003553A /* decoder */,
				745C83D8200366250003553A /* spu */,
				745C83CE200365520003553A /* cpu */,
				745C83BA200364270003553A /* AppDelegate.h */,
				745C83BB200364270003553A /* AppDelegate.m */,
				745C83BD200364280003553A /* ViewController.h */,
				745C83BE200364280003553A /* ViewController.m */,
				745C83C0200364280003553A /* Assets.xcassets */,
				745C83C2200364280003553A /* Main.storyboard */,
				745C83C5200364280003553A /* Info.plist */,
				745C83C6200364280003553A /* main.m */,
				745C83C8200364280003553A /* vgs_osx.entitlements */,
			);
			path = "vgs-osx";
			sourceTree = "<group>";
		};
		745C83CE200365520003553A /* cpu */ = {
			isa = PBXGroup;
			children = (
				745C83D5200365AD0003553A /* vgscpu_internal.h */,
				745C83D2200365AC0003553A /* vgscpu_op_acu_b.h */,
				745C83D0200365AC0003553A /* vgscpu_op_acu_c.h */,
				745C83D1200365AC0003553A /* vgscpu_op_acu_d.h */,
				745C83D4200365AC0003553A /* vgscpu_op.h */,
				745C83D3200365AC0003553A /* vgscpu.c */,
				745C83CF200365AC0003553A /* vgscpu.h */,
			);
			path = cpu;
			sourceTree = "<group>";
		};
		745C83D8200366250003553A /* spu */ = {
			isa = PBXGroup;
			children = (
				745C83D92003664E0003553A /* vgsspu_al.c */,
				745C83DA2003664E0003553A /* vgsspu.h */,
			);
			path = spu;
			sourceTree = "<group>";
		};
		745C83DC200366C00003553A /* decoder */ = {
			isa = PBXGroup;
			children = (
				745C83E3200366E50003553A /* miniz.c */,
				745C83E4200366E50003553A /* miniz.h */,
				745C83DD200366E50003553A /* vgs2tone.c */,
				745C83E0200366E50003553A /* vgsdec_internal.h */,
				745C83DF200366E50003553A /* vgsdec.c */,
				745C83E2200366E50003553A /* vgsdec.def */,
				745C83DE200366E50003553A /* vgsdec.h */,
				745C83E1200366E50003553A /* vgstone.h */,
			);
			path = decoder;
			sourceTree = "<group>";
		};
		745C83E92005211C0003553A /* pad */ = {
			isa = PBXGroup;
			children = (
				745C83EB200521310003553A /* gamepad.c */,
				745C83EA200521310003553A /* gamepad.h */,
			);
			path = pad;
			sourceTree = "<group>";
		};
/* End PBXGroup section */

/* Begin PBXNativeTarget section */
		745C83B6200364270003553A /* vgs-osx */ = {
			isa = PBXNativeTarget;
			buildConfigurationList = 745C83CB200364280003553A /* Build configuration list for PBXNativeTarget "vgs-osx" */;
			buildPhases = (
				745C83B3200364270003553A /* Sources */,
				745C83B4200364270003553A /* Frameworks */,
				745C83B5200364270003553A /* Resources */,
			);
			buildRules = (
			);
			dependencies = (
			);
			name = "vgs-osx";
			productName = "vgs-osx";
			productReference = 745C83B7200364270003553A /* vgs-osx.app */;
			productType = "com.apple.product-type.application";
		};
/* End PBXNativeTarget section */

/* Begin PBXProject section */
		745C83AF200364270003553A /* Project object */ = {
			isa = PBXProject;
			attributes = {
				LastUpgradeCheck = 0920;
				ORGANIZATIONNAME = "SUZUKI PLAN";
				TargetAttributes = {
					745C83B6200364270003553A = {
						CreatedOnToolsVersion = 9.2;
						ProvisioningStyle = Automatic;
					};
				};
			};
			buildConfigurationList = 745C83B2200364270003553A /* Build configuration list for PBXProject "vgs-osx" */;
			compatibilityVersion = "Xcode 8.0";
			developmentRegion = en;
			hasScannedForEncodings = 0;
			knownRegions = (
				en,
				Base,
			);
			mainGroup = 745C83AE200364270003553A;
			productRefGroup = 745C83B8200364270003553A /* Products */;
			projectDirPath = "";
			projectRoot = "";
			targets = (
				745C83B6200364270003553A /* vgs-osx */,
			);
		};
/* End PBXProject section */

/* Begin PBXResourcesBuildPhase section */
		745C83B5200364270003553A /* Resources */ = {
			isa = PBXResourcesBuildPhase;
			buildActionMask = 2147483647;
			files = (
				745C83C1200364280003553A /* Assets.xcassets in Resources */,
				745C83E7200366E50003553A /* vgsdec.def in Resources */,
				745C83C4200364280003553A /* Main.storyboard in Resources */,
			);
			runOnlyForDeploymentPostprocessing = 0;
		};
/* End PBXResourcesBuildPhase section */

/* Begin PBXSourcesBuildPhase section */
		745C83B3200364270003553A /* Sources */ = {
			isa = PBXSourcesBuildPhase;
			buildActionMask = 2147483647;
			files = (
				745C83BF200364280003553A /* ViewController.m in Sources */,
				745C83EC200521310003553A /* gamepad.c in Sources */,
				745C83DB2003664E0003553A /* vgsspu_al.c in Sources */,
				745C83D6200365AD0003553A /* vgscpu.c in Sources */,
				745C83E5200366E50003553A /* vgs2tone.c in Sources */,
				745C83C7200364280003553A /* main.m in Sources */,
				745C83E6200366E50003553A /* vgsdec.c in Sources */,
				745C83BC200364270003553A /* AppDelegate.m in Sources */,
				745C83E8200366E50003553A /* miniz.c in Sources */,
			);
			runOnlyForDeploymentPostprocessing = 0;
		};
/* End PBXSourcesBuildPhase section */

/* Begin PBXVariantGroup section */
		745C83C2200364280003553A /* Main.storyboard */ = {
			isa = PBXVariantGroup;
			children = (
				745C83C3200364280003553A /* Base */,
			);
			name = Main.storyboard;
			sourceTree = "<group>";
		};
/* End PBXVariantGroup section */

/* Begin XCBuildConfiguration section */
		745C83C9200364280003553A /* Debug */ = {
			isa = XCBuildConfiguration;
			buildSettings = {
				ALWAYS_SEARCH_USER_PATHS = NO;
				CLANG_ANALYZER_NONNULL = YES;
				CLANG_ANALYZER_NUMBER_OBJECT_CONVERSION = YES_AGGRESSIVE;
				CLANG_CXX_LANGUAGE_STANDARD = "gnu++14";
				CLANG_CXX_LIBRARY = "libc++";
				CLANG_ENABLE_MODULES = YES;
				CLANG_ENABLE_OBJC_ARC = YES;
				CLANG_WARN_BLOCK_CAPTURE_AUTORELEASING = YES;
				CLANG_WARN_BOOL_CONVERSION = YES;
				CLANG_WARN_COMMA = YES;
				CLANG_WARN_CONSTANT_CONVERSION = YES;
				CLANG_WARN_DIRECT_OBJC_ISA_USAGE = YES_ERROR;
				CLANG_WARN_DOCUMENTATION_COMMENTS = YES;
				CLANG_WARN_EMPTY_BODY = YES;
				CLANG_WARN_ENUM_CONVERSION = YES;
				CLANG_WARN_INFINITE_RECURSION = YES;
				CLANG_WARN_INT_CONVERSION = YES;
				CLANG_WARN_NON_LITERAL_NULL_CONVERSION = YES;
				CLANG_WARN_OBJC_LITERAL_CONVERSION = YES;
				CLANG_WARN_OBJC_ROOT_CLASS = YES_ERROR;
				CLANG_WARN_RANGE_LOOP_ANALYSIS = YES;
				CLANG_WARN_STRICT_PROTOTYPES = YES;
				CLANG_WARN_SUSPICIOUS_MOVE = YES;
				CLANG_WARN_UNGUARDED_AVAILABILITY = YES_AGGRESSIVE;
				CLANG_WARN_UNREACHABLE_CODE = YES;
				CLANG_WARN__DUPLICATE_METHOD_MATCH = YES;
				CODE_SIGN_IDENTITY = "-";
				COPY_PHASE_STRIP = NO;
				DEBUG_INFORMATION_FORMAT = dwarf;
				ENABLE_STRICT_OBJC_MSGSEND = YES;
				ENABLE_TESTABILITY = YES;
				GCC_C_LANGUAGE_STANDARD = gnu11;
				GCC_DYNAMIC_NO_PIC = NO;
				GCC_NO_COMMON_BLOCKS = YES;
				GCC_OPTIMIZATION_LEVEL = 0;
				GCC_PREPROCESSOR_DEFINITIONS = (
					"DEBUG=1",
					"$(inherited)",
				);
				GCC_WARN_64_TO_32_BIT_CONVERSION = YES;
				GCC_WARN_ABOUT_RETURN_TYPE = YES_ERROR;
				GCC_WARN_UNDECLARED_SELECTOR = YES;
				GCC_WARN_UNINITIALIZED_AUTOS = YES_AGGRESSIVE;
				GCC_WARN_UNUSED_FUNCTION = YES;
				GCC_WARN_UNUSED_VARIABLE = YES;
				MACOSX_DEPLOYMENT_TARGET = 10.13;
				MTL_ENABLE_DEBUG_INFO = YES;
				ONLY_ACTIVE_ARCH = YES;
				SDKROOT = macosx;
			};
			name = Debug;
		};
		745C83CA200364280003553A /* Release */ = {
			isa = XCBuildConfiguration;
			buildSettings = {
				ALWAYS_SEARCH_USER_PATHS = NO;
				CLANG_ANALYZER_NONNULL = YES;
				CLANG_ANALYZER_NUMBER_OBJECT_CONVERSION = YES_AGGRESSIVE;
				CLANG_CXX_LANGUAGE_STANDARD = "gnu++14";
				CLANG_CXX_LIBRARY = "libc++";
				CLANG_ENABLE_MODULES = YES;
				CLANG_ENABLE_OBJC_ARC = YES;
				CLANG_WARN_BLOCK_CAPTURE_AUTORELEASING = YES;
				CLANG_WARN_BOOL_CONVERSION = YES;
				CLANG_WARN_COMMA = YES;
				CLANG_WARN_CONSTANT_CONVERSION = YES;
				CLANG_WARN_DIRECT_OBJC_ISA_USAGE = YES_ERROR;
				CLANG_WARN_DOCUMENTATION_COMMENTS = YES;
				CLANG_WARN_EMPTY_BODY = YES;
				CLANG_WARN_ENUM_CONVERSION = YES;
				CLANG_WARN_INFINITE_RECURSION = YES;
				CLANG_WARN_INT_CONVERSION = YES;
				CLANG_WARN_NON_LITERAL_NULL_CONVERSION = YES;
				CLANG_WARN_OBJC_LITERAL_CONVERSION = YES;
				CLANG_WARN_OBJC_ROOT_CLASS = YES_ERROR;
				CLANG_WARN_RANGE_LOOP_ANALYSIS = YES;
				CLANG_WARN_STRICT_PROTOTYPES = YES;
				CLANG_WARN_SUSPICIOUS_MOVE = YES;
				CLANG_WARN_UNGUARDED_AVAILABILITY = YES_AGGRESSIVE;
				CLANG_WARN_UNREACHABLE_CODE = YES;
				CLANG_WARN__DUPLICATE_METHOD_MATCH = YES;
				CODE_SIGN_IDENTITY = "-";
				COPY_PHASE_STRIP = NO;
				DEBUG_INFORMATION_FORMAT = "dwarf-with-dsym";
				ENABLE_NS_ASSERTIONS = NO;
				ENABLE_STRICT_OBJC_MSGSEND = YES;
				GCC_C_LANGUAGE_STANDARD = gnu11;
				GCC_NO_COMMON_BLOCKS = YES;
				GCC_WARN_64_TO_32_BIT_CONVERSION = YES;
				GCC_WARN_ABOUT_RETURN_TYPE = YES_ERROR;
				GCC_WARN_UNDECLARED_SELECTOR = YES;
				GCC_WARN_UNINITIALIZED_AUTOS = YES_AGGRESSIVE;
				GCC_WARN_UNUSED_FUNCTION = YES;
				GCC_WARN_UNUSED_VARIABLE = YES;
				MACOSX_DEPLOYMENT_TARGET = 10.13;
				MTL_ENABLE_DEBUG_INFO = NO;
				SDKROOT = macosx;
			};
			name = Release;
		};
		745C83CC200364280003553A /* Debug */ = {
			isa = XCBuildConfiguration;
			buildSettings = {
				ASSETCATALOG_COMPILER_APPICON_NAME = AppIcon;
				CODE_SIGN_ENTITLEMENTS = "vgs-osx/vgs_osx.entitlements";
				CODE_SIGN_STYLE = Automatic;
				COMBINE_HIDPI_IMAGES = YES;
				INFOPLIST_FILE = "vgs-osx/Info.plist";
				LD_RUNPATH_SEARCH_PATHS = "$(inherited) @executable_path/../Frameworks";
				PRODUCT_BUNDLE_IDENTIFIER = "com.suzukiplan.vgs-osx";
				PRODUCT_NAME = "$(TARGET_NAME)";
			};
			name = Debug;
		};
		745C83CD200364280003553A /* Release */ = {
			isa = XCBuildConfiguration;
			buildSettings = {
				ASSETCATALOG_COMPILER_APPICON_NAME = AppIcon;
				CODE_SIGN_ENTITLEMENTS = "vgs-osx/vgs_osx.entitlements";
				CODE_SIGN_STYLE = Automatic;
				COMBINE_HIDPI_IMAGES = YES;
				INFOPLIST_FILE = "vgs-osx/Info.plist";
				LD_RUNPATH_SEARCH_PATHS = "$(inherited) @executable_path/../Frameworks";
				PRODUCT_BUNDLE_IDENTIFIER = "com.suzukiplan.vgs-osx";
				PRODUCT_NAME = "$(TARGET_NAME)";
			};
			name = Release;
		};
/* End XCBuildConfiguration section */

/* Begin XCConfigurationList section */
		745C83B2200364270003553A /* Build configuration list for PBXProject "vgs-osx" */ = {
			isa = XCConfigurationList;
			buildConfigurations = (
				745C83C9200364280003553A /* Debug */,
				745C83CA200364280003553A /* Release */,
			);
			defaultConfigurationIsVisible = 0;
			defaultConfigurationName = Release;
		};
		745C83CB200364280003553A /* Build configuration list for PBXNativeTarget "vgs-osx" */ = {
			isa = XCConfigurationList;
			buildConfigurations = (
				745C83CC200364280003553A /* Debug */,
				745C83CD200364280003553A /* Release */,
			);
			defaultConfigurationIsVisible = 0;
			defaultConfigurationName = Release;
		};
/* End XCConfigurationList section */
	};
	rootObject = 745C83AF200364270003553A /* Project object */;
}
